// !$*UTF8*$!
{
	archiveVersion = 1;
	classes = {
	};
	objectVersion = 50;
	objects = {

/* Begin PBXBuildFile section */
		7BAE67E32494AE0400891A2B /* AppDelegate.swift in Sources */ = {isa = PBXBuildFile; fileRef = 7BAE67E22494AE0400891A2B /* AppDelegate.swift */; };
		7BAE67E52494AE0400891A2B /* SceneDelegate.swift in Sources */ = {isa = PBXBuildFile; fileRef = 7BAE67E42494AE0400891A2B /* SceneDelegate.swift */; };
		7BAE67E72494AE0400891A2B /* ViewController.swift in Sources */ = {isa = PBXBuildFile; fileRef = 7BAE67E62494AE0400891A2B /* ViewController.swift */; };
		7BAE67EA2494AE0400891A2B /* Main.storyboard in Resources */ = {isa = PBXBuildFile; fileRef = 7BAE67E82494AE0400891A2B /* Main.storyboard */; };
		7BAE67EC2494AE0600891A2B /* Assets.xcassets in Resources */ = {isa = PBXBuildFile; fileRef = 7BAE67EB2494AE0600891A2B /* Assets.xcassets */; };
		7BAE67EF2494AE0600891A2B /* LaunchScreen.storyboard in Resources */ = {isa = PBXBuildFile; fileRef = 7BAE67ED2494AE0600891A2B /* LaunchScreen.storyboard */; };
		7BAE67FA2494AE0600891A2B /* StarterTemplateTests.swift in Sources */ = {isa = PBXBuildFile; fileRef = 7BAE67F92494AE0600891A2B /* StarterTemplateTests.swift */; };
		7BAE68052494AE0600891A2B /* StarterTemplateUITests.swift in Sources */ = {isa = PBXBuildFile; fileRef = 7BAE68042494AE0600891A2B /* StarterTemplateUITests.swift */; };
/* End PBXBuildFile section */

/* Begin PBXContainerItemProxy section */
		7BAE67F62494AE0600891A2B /* PBXContainerItemProxy */ = {
			isa = PBXContainerItemProxy;
			containerPortal = 7BAE67D72494AE0400891A2B /* Project object */;
			proxyType = 1;
			remoteGlobalIDString = 7BAE67DE2494AE0400891A2B;
			remoteInfo = StarterTemplate;
		};
		7BAE68012494AE0600891A2B /* PBXContainerItemProxy */ = {
			isa = PBXContainerItemProxy;
			containerPortal = 7BAE67D72494AE0400891A2B /* Project object */;
			proxyType = 1;
			remoteGlobalIDString = 7BAE67DE2494AE0400891A2B;
			remoteInfo = StarterTemplate;
		};
/* End PBXContainerItemProxy section */

/* Begin PBXFileReference section */
		7BAE67DF2494AE0400891A2B /* StarterTemplate.app */ = {isa = PBXFileReference; explicitFileType = wrapper.application; includeInIndex = 0; path = StarterTemplate.app; sourceTree = BUILT_PRODUCTS_DIR; };
		7BAE67E22494AE0400891A2B /* AppDelegate.swift */ = {isa = PBXFileReference; lastKnownFileType = sourcecode.swift; path = AppDelegate.swift; sourceTree = "<group>"; };
		7BAE67E42494AE0400891A2B /* SceneDelegate.swift */ = {isa = PBXFileReference; lastKnownFileType = sourcecode.swift; path = SceneDelegate.swift; sourceTree = "<group>"; };
		7BAE67E62494AE0400891A2B /* ViewController.swift */ = {isa = PBXFileReference; lastKnownFileType = sourcecode.swift; path = ViewController.swift; sourceTree = "<group>"; };
		7BAE67E92494AE0400891A2B /* Base */ = {isa = PBXFileReference; lastKnownFileType = file.storyboard; name = Base; path = Base.lproj/Main.storyboard; sourceTree = "<group>"; };
		7BAE67EB2494AE0600891A2B /* Assets.xcassets */ = {isa = PBXFileReference; lastKnownFileType = folder.assetcatalog; path = Assets.xcassets; sourceTree = "<group>"; };
		7BAE67EE2494AE0600891A2B /* Base */ = {isa = PBXFileReference; lastKnownFileType = file.storyboard; name = Base; path = Base.lproj/LaunchScreen.storyboard; sourceTree = "<group>"; };
		7BAE67F02494AE0600891A2B /* Info.plist */ = {isa = PBXFileReference; lastKnownFileType = text.plist.xml; path = Info.plist; sourceTree = "<group>"; };
		7BAE67F52494AE0600891A2B /* StarterTemplateTests.xctest */ = {isa = PBXFileReference; explicitFileType = wrapper.cfbundle; includeInIndex = 0; path = StarterTemplateTests.xctest; sourceTree = BUILT_PRODUCTS_DIR; };
		7BAE67F92494AE0600891A2B /* StarterTemplateTests.swift */ = {isa = PBXFileReference; lastKnownFileType = sourcecode.swift; path = StarterTemplateTests.swift; sourceTree = "<group>"; };
		7BAE67FB2494AE0600891A2B /* Info.plist */ = {isa = PBXFileReference; lastKnownFileType = text.plist.xml; path = Info.plist; sourceTree = "<group>"; };
		7BAE68002494AE0600891A2B /* StarterTemplateUITests.xctest */ = {isa = PBXFileReference; explicitFileType = wrapper.cfbundle; includeInIndex = 0; path = StarterTemplateUITests.xctest; sourceTree = BUILT_PRODUCTS_DIR; };
		7BAE68042494AE0600891A2B /* StarterTemplateUITests.swift */ = {isa = PBXFileReference; lastKnownFileType = sourcecode.swift; path = StarterTemplateUITests.swift; sourceTree = "<group>"; };
		7BAE68062494AE0600891A2B /* Info.plist */ = {isa = PBXFileReference; lastKnownFileType = text.plist.xml; path = Info.plist; sourceTree = "<group>"; };
/* End PBXFileReference section */

/* Begin PBXFrameworksBuildPhase section */
		7BAE67DC2494AE0400891A2B /* Frameworks */ = {
			isa = PBXFrameworksBuildPhase;
			buildActionMask = 2147483647;
			files = (
			);
			runOnlyForDeploymentPostprocessing = 0;
		};
		7BAE67F22494AE0600891A2B /* Frameworks */ = {
			isa = PBXFrameworksBuildPhase;
			buildActionMask = 2147483647;
			files = (
			);
			runOnlyForDeploymentPostprocessing = 0;
		};
		7BAE67FD2494AE0600891A2B /* Frameworks */ = {
			isa = PBXFrameworksBuildPhase;
			buildActionMask = 2147483647;
			files = (
			);
			runOnlyForDeploymentPostprocessing = 0;
		};
/* End PBXFrameworksBuildPhase section */

/* Begin PBXGroup section */
		7BAE67D62494AE0400891A2B = {
			isa = PBXGroup;
			children = (
				7BAE67E12494AE0400891A2B /* StarterTemplate */,
				7BAE67F82494AE0600891A2B /* StarterTemplateTests */,
				7BAE68032494AE0600891A2B /* StarterTemplateUITests */,
				7BAE67E02494AE0400891A2B /* Products */,
			);
			sourceTree = "<group>";
		};
		7BAE67E02494AE0400891A2B /* Products */ = {
			isa = PBXGroup;
			children = (
				7BAE67DF2494AE0400891A2B /* StarterTemplate.app */,
				7BAE67F52494AE0600891A2B /* StarterTemplateTests.xctest */,
				7BAE68002494AE0600891A2B /* StarterTemplateUITests.xctest */,
			);
			name = Products;
			sourceTree = "<group>";
		};
		7BAE67E12494AE0400891A2B /* StarterTemplate */ = {
			isa = PBXGroup;
			children = (
				7BAE67E22494AE0400891A2B /* AppDelegate.swift */,
				7BAE67E42494AE0400891A2B /* SceneDelegate.swift */,
				7BAE67E62494AE0400891A2B /* ViewController.swift */,
				7BAE67E82494AE0400891A2B /* Main.storyboard */,
				7BAE67EB2494AE0600891A2B /* Assets.xcassets */,
				7BAE67ED2494AE0600891A2B /* LaunchScreen.storyboard */,
				7BAE67F02494AE0600891A2B /* Info.plist */,
			);
			path = StarterTemplate;
			sourceTree = "<group>";
		};
		7BAE67F82494AE0600891A2B /* StarterTemplateTests */ = {
			isa = PBXGroup;
			children = (
				7BAE67F92494AE0600891A2B /* StarterTemplateTests.swift */,
				7BAE67FB2494AE0600891A2B /* Info.plist */,
			);
			path = StarterTemplateTests;
			sourceTree = "<group>";
		};
		7BAE68032494AE0600891A2B /* StarterTemplateUITests */ = {
			isa = PBXGroup;
			children = (
				7BAE68042494AE0600891A2B /* StarterTemplateUITests.swift */,
				7BAE68062494AE0600891A2B /* Info.plist */,
			);
			path = StarterTemplateUITests;
			sourceTree = "<group>";
		};
/* End PBXGroup section */

/* Begin PBXNativeTarget section */
		7BAE67DE2494AE0400891A2B /* StarterTemplate */ = {
			isa = PBXNativeTarget;
			buildConfigurationList = 7BAE68092494AE0600891A2B /* Build configuration list for PBXNativeTarget "StarterTemplate" */;
			buildPhases = (
				7BAE67DB2494AE0400891A2B /* Sources */,
				7BAE67DC2494AE0400891A2B /* Frameworks */,
				7BAE67DD2494AE0400891A2B /* Resources */,
			);
			buildRules = (
			);
			dependencies = (
			);
			name = StarterTemplate;
			productName = StarterTemplate;
			productReference = 7BAE67DF2494AE0400891A2B /* StarterTemplate.app */;
			productType = "com.apple.product-type.application";
		};
		7BAE67F42494AE0600891A2B /* StarterTemplateTests */ = {
			isa = PBXNativeTarget;
			buildConfigurationList = 7BAE680C2494AE0600891A2B /* Build configuration list for PBXNativeTarget "StarterTemplateTests" */;
			buildPhases = (
				7BAE67F12494AE0600891A2B /* Sources */,
				7BAE67F22494AE0600891A2B /* Frameworks */,
				7BAE67F32494AE0600891A2B /* Resources */,
			);
			buildRules = (
			);
			dependencies = (
				7BAE67F72494AE0600891A2B /* PBXTargetDependency */,
			);
			name = StarterTemplateTests;
			productName = StarterTemplateTests;
			productReference = 7BAE67F52494AE0600891A2B /* StarterTemplateTests.xctest */;
			productType = "com.apple.product-type.bundle.unit-test";
		};
		7BAE67FF2494AE0600891A2B /* StarterTemplateUITests */ = {
			isa = PBXNativeTarget;
			buildConfigurationList = 7BAE680F2494AE0600891A2B /* Build configuration list for PBXNativeTarget "StarterTemplateUITests" */;
			buildPhases = (
				7BAE67FC2494AE0600891A2B /* Sources */,
				7BAE67FD2494AE0600891A2B /* Frameworks */,
				7BAE67FE2494AE0600891A2B /* Resources */,
			);
			buildRules = (
			);
			dependencies = (
				7BAE68022494AE0600891A2B /* PBXTargetDependency */,
			);
			name = StarterTemplateUITests;
			productName = StarterTemplateUITests;
			productReference = 7BAE68002494AE0600891A2B /* StarterTemplateUITests.xctest */;
			productType = "com.apple.product-type.bundle.ui-testing";
		};
/* End PBXNativeTarget section */

/* Begin PBXProject section */
		7BAE67D72494AE0400891A2B /* Project object */ = {
			isa = PBXProject;
			attributes = {
				LastSwiftUpdateCheck = 1120;
				LastUpgradeCheck = 1120;
				ORGANIZATIONNAME = dhiyaulhaqza;
				TargetAttributes = {
					7BAE67DE2494AE0400891A2B = {
						CreatedOnToolsVersion = 11.2.1;
					};
					7BAE67F42494AE0600891A2B = {
						CreatedOnToolsVersion = 11.2.1;
						TestTargetID = 7BAE67DE2494AE0400891A2B;
					};
					7BAE67FF2494AE0600891A2B = {
						CreatedOnToolsVersion = 11.2.1;
						TestTargetID = 7BAE67DE2494AE0400891A2B;
					};
				};
			};
			buildConfigurationList = 7BAE67DA2494AE0400891A2B /* Build configuration list for PBXProject "StarterTemplate" */;
			compatibilityVersion = "Xcode 9.3";
			developmentRegion = en;
			hasScannedForEncodings = 0;
			knownRegions = (
				en,
				Base,
			);
			mainGroup = 7BAE67D62494AE0400891A2B;
			productRefGroup = 7BAE67E02494AE0400891A2B /* Products */;
			projectDirPath = "";
			projectRoot = "";
			targets = (
				7BAE67DE2494AE0400891A2B /* StarterTemplate */,
				7BAE67F42494AE0600891A2B /* StarterTemplateTests */,
				7BAE67FF2494AE0600891A2B /* StarterTemplateUITests */,
			);
		};
/* End PBXProject section */

/* Begin PBXResourcesBuildPhase section */
		7BAE67DD2494AE0400891A2B /* Resources */ = {
			isa = PBXResourcesBuildPhase;
			buildActionMask = 2147483647;
			files = (
				7BAE67EF2494AE0600891A2B /* LaunchScreen.storyboard in Resources */,
				7BAE67EC2494AE0600891A2B /* Assets.xcassets in Resources */,
				7BAE67EA2494AE0400891A2B /* Main.storyboard in Resources */,
			);
			runOnlyForDeploymentPostprocessing = 0;
		};
		7BAE67F32494AE0600891A2B /* Resources */ = {
			isa = PBXResourcesBuildPhase;
			buildActionMask = 2147483647;
			files = (
			);
			runOnlyForDeploymentPostprocessing = 0;
		};
		7BAE67FE2494AE0600891A2B /* Resources */ = {
			isa = PBXResourcesBuildPhase;
			buildActionMask = 2147483647;
			files = (
			);
			runOnlyForDeploymentPostprocessing = 0;
		};
/* End PBXResourcesBuildPhase section */

/* Begin PBXSourcesBuildPhase section */
		7BAE67DB2494AE0400891A2B /* Sources */ = {
			isa = PBXSourcesBuildPhase;
			buildActionMask = 2147483647;
			files = (
				7BAE67E72494AE0400891A2B /* ViewController.swift in Sources */,
				7BAE67E32494AE0400891A2B /* AppDelegate.swift in Sources */,
				7BAE67E52494AE0400891A2B /* SceneDelegate.swift in Sources */,
			);
			runOnlyForDeploymentPostprocessing = 0;
		};
		7BAE67F12494AE0600891A2B /* Sources */ = {
			isa = PBXSourcesBuildPhase;
			buildActionMask = 2147483647;
			files = (
				7BAE67FA2494AE0600891A2B /* StarterTemplateTests.swift in Sources */,
			);
			runOnlyForDeploymentPostprocessing = 0;
		};
		7BAE67FC2494AE0600891A2B /* Sources */ = {
			isa = PBXSourcesBuildPhase;
			buildActionMask = 2147483647;
			files = (
				7BAE68052494AE0600891A2B /* StarterTemplateUITests.swift in Sources */,
			);
			runOnlyForDeploymentPostprocessing = 0;
		};
/* End PBXSourcesBuildPhase section */

/* Begin PBXTargetDependency section */
		7BAE67F72494AE0600891A2B /* PBXTargetDependency */ = {
			isa = PBXTargetDependency;
			target = 7BAE67DE2494AE0400891A2B /* StarterTemplate */;
			targetProxy = 7BAE67F62494AE0600891A2B /* PBXContainerItemProxy */;
		};
		7BAE68022494AE0600891A2B /* PBXTargetDependency */ = {
			isa = PBXTargetDependency;
			target = 7BAE67DE2494AE0400891A2B /* StarterTemplate */;
			targetProxy = 7BAE68012494AE0600891A2B /* PBXContainerItemProxy */;
		};
/* End PBXTargetDependency section */

/* Begin PBXVariantGroup section */
		7BAE67E82494AE0400891A2B /* Main.storyboard */ = {
			isa = PBXVariantGroup;
			children = (
				7BAE67E92494AE0400891A2B /* Base */,
			);
			name = Main.storyboard;
			sourceTree = "<group>";
		};
		7BAE67ED2494AE0600891A2B /* LaunchScreen.storyboard */ = {
			isa = PBXVariantGroup;
			children = (
				7BAE67EE2494AE0600891A2B /* Base */,
			);
			name = LaunchScreen.storyboard;
			sourceTree = "<group>";
		};
/* End PBXVariantGroup section */

/* Begin XCBuildConfiguration section */
		7BAE68072494AE0600891A2B /* Debug */ = {
			isa = XCBuildConfiguration;
			buildSettings = {
				ALWAYS_SEARCH_USER_PATHS = NO;
				CLANG_ANALYZER_NONNULL = YES;
				CLANG_ANALYZER_NUMBER_OBJECT_CONVERSION = YES_AGGRESSIVE;
				CLANG_CXX_LANGUAGE_STANDARD = "gnu++14";
				CLANG_CXX_LIBRARY = "libc++";
				CLANG_ENABLE_MODULES = YES;
				CLANG_ENABLE_OBJC_ARC = YES;
				CLANG_ENABLE_OBJC_WEAK = YES;
				CLANG_WARN_BLOCK_CAPTURE_AUTORELEASING = YES;
				CLANG_WARN_BOOL_CONVERSION = YES;
				CLANG_WARN_COMMA = YES;
				CLANG_WARN_CONSTANT_CONVERSION = YES;
				CLANG_WARN_DEPRECATED_OBJC_IMPLEMENTATIONS = YES;
				CLANG_WARN_DIRECT_OBJC_ISA_USAGE = YES_ERROR;
				CLANG_WARN_DOCUMENTATION_COMMENTS = YES;
				CLANG_WARN_EMPTY_BODY = YES;
				CLANG_WARN_ENUM_CONVERSION = YES;
				CLANG_WARN_INFINITE_RECURSION = YES;
				CLANG_WARN_INT_CONVERSION = YES;
				CLANG_WARN_NON_LITERAL_NULL_CONVERSION = YES;
				CLANG_WARN_OBJC_IMPLICIT_RETAIN_SELF = YES;
				CLANG_WARN_OBJC_LITERAL_CONVERSION = YES;
				CLANG_WARN_OBJC_ROOT_CLASS = YES_ERROR;
				CLANG_WARN_RANGE_LOOP_ANALYSIS = YES;
				CLANG_WARN_STRICT_PROTOTYPES = YES;
				CLANG_WARN_SUSPICIOUS_MOVE = YES;
				CLANG_WARN_UNGUARDED_AVAILABILITY = YES_AGGRESSIVE;
				CLANG_WARN_UNREACHABLE_CODE = YES;
				CLANG_WARN__DUPLICATE_METHOD_MATCH = YES;
				COPY_PHASE_STRIP = NO;
				DEBUG_INFORMATION_FORMAT = dwarf;
				ENABLE_STRICT_OBJC_MSGSEND = YES;
				ENABLE_TESTABILITY = YES;
				GCC_C_LANGUAGE_STANDARD = gnu11;
				GCC_DYNAMIC_NO_PIC = NO;
				GCC_NO_COMMON_BLOCKS = YES;
				GCC_OPTIMIZATION_LEVEL = 0;
				GCC_PREPROCESSOR_DEFINITIONS = (
					"DEBUG=1",
					"$(inherited)",
				);
				GCC_WARN_64_TO_32_BIT_CONVERSION = YES;
				GCC_WARN_ABOUT_RETURN_TYPE = YES_ERROR;
				GCC_WARN_UNDECLARED_SELECTOR = YES;
				GCC_WARN_UNINITIALIZED_AUTOS = YES_AGGRESSIVE;
				GCC_WARN_UNUSED_FUNCTION = YES;
				GCC_WARN_UNUSED_VARIABLE = YES;
				IPHONEOS_DEPLOYMENT_TARGET = 13.2;
				MTL_ENABLE_DEBUG_INFO = INCLUDE_SOURCE;
				MTL_FAST_MATH = YES;
				ONLY_ACTIVE_ARCH = YES;
				SDKROOT = iphoneos;
				SWIFT_ACTIVE_COMPILATION_CONDITIONS = DEBUG;
				SWIFT_OPTIMIZATION_LEVEL = "-Onone";
			};
			name = Debug;
		};
		7BAE68082494AE0600891A2B /* Release */ = {
			isa = XCBuildConfiguration;
			buildSettings = {
				ALWAYS_SEARCH_USER_PATHS = NO;
				CLANG_ANALYZER_NONNULL = YES;
				CLANG_ANALYZER_NUMBER_OBJECT_CONVERSION = YES_AGGRESSIVE;
				CLANG_CXX_LANGUAGE_STANDARD = "gnu++14";
				CLANG_CXX_LIBRARY = "libc++";
				CLANG_ENABLE_MODULES = YES;
				CLANG_ENABLE_OBJC_ARC = YES;
				CLANG_ENABLE_OBJC_WEAK = YES;
				CLANG_WARN_BLOCK_CAPTURE_AUTORELEASING = YES;
				CLANG_WARN_BOOL_CONVERSION = YES;
				CLANG_WARN_COMMA = YES;
				CLANG_WARN_CONSTANT_CONVERSION = YES;
				CLANG_WARN_DEPRECATED_OBJC_IMPLEMENTATIONS = YES;
				CLANG_WARN_DIRECT_OBJC_ISA_USAGE = YES_ERROR;
				CLANG_WARN_DOCUMENTATION_COMMENTS = YES;
				CLANG_WARN_EMPTY_BODY = YES;
				CLANG_WARN_ENUM_CONVERSION = YES;
				CLANG_WARN_INFINITE_RECURSION = YES;
				CLANG_WARN_INT_CONVERSION = YES;
				CLANG_WARN_NON_LITERAL_NULL_CONVERSION = YES;
				CLANG_WARN_OBJC_IMPLICIT_RETAIN_SELF = YES;
				CLANG_WARN_OBJC_LITERAL_CONVERSION = YES;
				CLANG_WARN_OBJC_ROOT_CLASS = YES_ERROR;
				CLANG_WARN_RANGE_LOOP_ANALYSIS = YES;
				CLANG_WARN_STRICT_PROTOTYPES = YES;
				CLANG_WARN_SUSPICIOUS_MOVE = YES;
				CLANG_WARN_UNGUARDED_AVAILABILITY = YES_AGGRESSIVE;
				CLANG_WARN_UNREACHABLE_CODE = YES;
				CLANG_WARN__DUPLICATE_METHOD_MATCH = YES;
				COPY_PHASE_STRIP = NO;
				DEBUG_INFORMATION_FORMAT = "dwarf-with-dsym";
				ENABLE_NS_ASSERTIONS = NO;
				ENABLE_STRICT_OBJC_MSGSEND = YES;
				GCC_C_LANGUAGE_STANDARD = gnu11;
				GCC_NO_COMMON_BLOCKS = YES;
				GCC_WARN_64_TO_32_BIT_CONVERSION = YES;
				GCC_WARN_ABOUT_RETURN_TYPE = YES_ERROR;
				GCC_WARN_UNDECLARED_SELECTOR = YES;
				GCC_WARN_UNINITIALIZED_AUTOS = YES_AGGRESSIVE;
				GCC_WARN_UNUSED_FUNCTION = YES;
				GCC_WARN_UNUSED_VARIABLE = YES;
				IPHONEOS_DEPLOYMENT_TARGET = 13.2;
				MTL_ENABLE_DEBUG_INFO = NO;
				MTL_FAST_MATH = YES;
				SDKROOT = iphoneos;
				SWIFT_COMPILATION_MODE = wholemodule;
				SWIFT_OPTIMIZATION_LEVEL = "-O";
				VALIDATE_PRODUCT = YES;
			};
			name = Release;
		};
		7BAE680A2494AE0600891A2B /* Debug */ = {
			isa = XCBuildConfiguration;
			buildSettings = {
				ASSETCATALOG_COMPILER_APPICON_NAME = AppIcon;
				CODE_SIGN_STYLE = Automatic;
				INFOPLIST_FILE = StarterTemplate/Info.plist;
				LD_RUNPATH_SEARCH_PATHS = (
					"$(inherited)",
					"@executable_path/Frameworks",
				);
				PRODUCT_BUNDLE_IDENTIFIER = com.dhiyaulhaqza.StarterTemplate;
				PRODUCT_NAME = "$(TARGET_NAME)";
				SWIFT_VERSION = 5.0;
				TARGETED_DEVICE_FAMILY = "1,2";
			};
			name = Debug;
		};
		7BAE680B2494AE0600891A2B /* Release */ = {
			isa = XCBuildConfiguration;
			buildSettings = {
				ASSETCATALOG_COMPILER_APPICON_NAME = AppIcon;
				CODE_SIGN_STYLE = Automatic;
				INFOPLIST_FILE = StarterTemplate/Info.plist;
				LD_RUNPATH_SEARCH_PATHS = (
					"$(inherited)",
					"@executable_path/Frameworks",
				);
				PRODUCT_BUNDLE_IDENTIFIER = com.dhiyaulhaqza.StarterTemplate;
				PRODUCT_NAME = "$(TARGET_NAME)";
				SWIFT_VERSION = 5.0;
				TARGETED_DEVICE_FAMILY = "1,2";
			};
			name = Release;
		};
		7BAE680D2494AE0600891A2B /* Debug */ = {
			isa = XCBuildConfiguration;
			buildSettings = {
				ALWAYS_EMBED_SWIFT_STANDARD_LIBRARIES = YES;
				BUNDLE_LOADER = "$(TEST_HOST)";
				CODE_SIGN_STYLE = Automatic;
				INFOPLIST_FILE = StarterTemplateTests/Info.plist;
				IPHONEOS_DEPLOYMENT_TARGET = 13.2;
				LD_RUNPATH_SEARCH_PATHS = (
					"$(inherited)",
					"@executable_path/Frameworks",
					"@loader_path/Frameworks",
				);
				PRODUCT_BUNDLE_IDENTIFIER = com.dhiyaulhaqza.StarterTemplateTests;
				PRODUCT_NAME = "$(TARGET_NAME)";
				SWIFT_VERSION = 5.0;
				TARGETED_DEVICE_FAMILY = "1,2";
				TEST_HOST = "$(BUILT_PRODUCTS_DIR)/StarterTemplate.app/StarterTemplate";
			};
			name = Debug;
		};
		7BAE680E2494AE0600891A2B /* Release */ = {
			isa = XCBuildConfiguration;
			buildSettings = {
				ALWAYS_EMBED_SWIFT_STANDARD_LIBRARIES = YES;
				BUNDLE_LOADER = "$(TEST_HOST)";
				CODE_SIGN_STYLE = Automatic;
				INFOPLIST_FILE = StarterTemplateTests/Info.plist;
				IPHONEOS_DEPLOYMENT_TARGET = 13.2;
				LD_RUNPATH_SEARCH_PATHS = (
					"$(inherited)",
					"@executable_path/Frameworks",
					"@loader_path/Frameworks",
				);
				PRODUCT_BUNDLE_IDENTIFIER = com.dhiyaulhaqza.StarterTemplateTests;
				PRODUCT_NAME = "$(TARGET_NAME)";
				SWIFT_VERSION = 5.0;
				TARGETED_DEVICE_FAMILY = "1,2";
				TEST_HOST = "$(BUILT_PRODUCTS_DIR)/StarterTemplate.app/StarterTemplate";
			};
			name = Release;
		};
		7BAE68102494AE0600891A2B /* Debug */ = {
			isa = XCBuildConfiguration;
			buildSettings = {
				ALWAYS_EMBED_SWIFT_STANDARD_LIBRARIES = YES;
				CODE_SIGN_STYLE = Automatic;
				INFOPLIST_FILE = StarterTemplateUITests/Info.plist;
				LD_RUNPATH_SEARCH_PATHS = (
					"$(inherited)",
					"@executable_path/Frameworks",
					"@loader_path/Frameworks",
				);
				PRODUCT_BUNDLE_IDENTIFIER = com.dhiyaulhaqza.StarterTemplateUITests;
				PRODUCT_NAME = "$(TARGET_NAME)";
				SWIFT_VERSION = 5.0;
				TARGETED_DEVICE_FAMILY = "1,2";
				TEST_TARGET_NAME = StarterTemplate;
			};
			name = Debug;
		};
		7BAE68112494AE0600891A2B /* Release */ = {
			isa = XCBuildConfiguration;
			buildSettings = {
				ALWAYS_EMBED_SWIFT_STANDARD_LIBRARIES = YES;
				CODE_SIGN_STYLE = Automatic;
				INFOPLIST_FILE = StarterTemplateUITests/Info.plist;
				LD_RUNPATH_SEARCH_PATHS = (
					"$(inherited)",
					"@executable_path/Frameworks",
					"@loader_path/Frameworks",
				);
				PRODUCT_BUNDLE_IDENTIFIER = com.dhiyaulhaqza.StarterTemplateUITests;
				PRODUCT_NAME = "$(TARGET_NAME)";
				SWIFT_VERSION = 5.0;
				TARGETED_DEVICE_FAMILY = "1,2";
				TEST_TARGET_NAME = StarterTemplate;
			};
			name = Release;
		};
/* End XCBuildConfiguration section */

/* Begin XCConfigurationList section */
		7BAE67DA2494AE0400891A2B /* Build configuration list for PBXProject "StarterTemplate" */ = {
			isa = XCConfigurationList;
			buildConfigurations = (
				7BAE68072494AE0600891A2B /* Debug */,
				7BAE68082494AE0600891A2B /* Release */,
			);
			defaultConfigurationIsVisible = 0;
			defaultConfigurationName = Release;
		};
		7BAE68092494AE0600891A2B /* Build configuration list for PBXNativeTarget "StarterTemplate" */ = {
			isa = XCConfigurationList;
			buildConfigurations = (
				7BAE680A2494AE0600891A2B /* Debug */,
				7BAE680B2494AE0600891A2B /* Release */,
			);
			defaultConfigurationIsVisible = 0;
			defaultConfigurationName = Release;
		};
		7BAE680C2494AE0600891A2B /* Build configuration list for PBXNativeTarget "StarterTemplateTests" */ = {
			isa = XCConfigurationList;
			buildConfigurations = (
				7BAE680D2494AE0600891A2B /* Debug */,
				7BAE680E2494AE0600891A2B /* Release */,
			);
			defaultConfigurationIsVisible = 0;
			defaultConfigurationName = Release;
		};
		7BAE680F2494AE0600891A2B /* Build configuration list for PBXNativeTarget "StarterTemplateUITests" */ = {
			isa = XCConfigurationList;
			buildConfigurations = (
				7BAE68102494AE0600891A2B /* Debug */,
				7BAE68112494AE0600891A2B /* Release */,
			);
			defaultConfigurationIsVisible = 0;
			defaultConfigurationName = Release;
		};
/* End XCConfigurationList section */
	};
	rootObject = 7BAE67D72494AE0400891A2B /* Project object */;
}
